
Microsoft Visual Studio Solution File, Format Version 12.00
# Visual Studio Version 17
VisualStudioVersion = 17.7.34031.279
MinimumVisualStudioVersion = 10.0.40219.1
Project("{FAE04EC0-301F-11D3-BF4B-00C04F79EFBC}") = "Day7_Tanks", "Day7_Tanks\Day7_Tanks.csproj", "{E4325907-EFA4-40BE-B7D6-B39E81414822}"
EndProject
Project("{FAE04EC0-301F-11D3-BF4B-00C04F79EFBC}") = "ClassLibrary1", "ClassLibrary1\ClassLibrary1.csproj", "{0E1A849D-60EB-4581-86AF-CD053FA4EDC9}"
EndProject
Global
	GlobalSection(SolutionConfigurationPlatforms) = preSolution
		Debug|Any CPU = Debug|Any CPU
		Release|Any CPU = Release|Any CPU
	EndGlobalSection
	GlobalSection(ProjectConfigurationPlatforms) = postSolution
		{E4325907-EFA4-40BE-B7D6-B39E81414822}.Debug|Any CPU.ActiveCfg = Debug|Any CPU
		{E4325907-EFA4-40BE-B7D6-B39E81414822}.Debug|Any CPU.Build.0 = Debug|Any CPU
		{E4325907-EFA4-40BE-B7D6-B39E81414822}.Release|Any CPU.ActiveCfg = Release|Any CPU
		{E4325907-EFA4-40BE-B7D6-B39E81414822}.Release|Any CPU.Build.0 = Release|Any CPU
		{0E1A849D-60EB-4581-86AF-CD053FA4EDC9}.Debug|Any CPU.ActiveCfg = Debug|Any CPU
		{0E1A849D-60EB-4581-86AF-CD053FA4EDC9}.Debug|Any CPU.Build.0 = Debug|Any CPU
		{0E1A849D-60EB-4581-86AF-CD053FA4EDC9}.Release|Any CPU.ActiveCfg = Release|Any CPU
		{0E1A849D-60EB-4581-86AF-CD053FA4EDC9}.Release|Any CPU.Build.0 = Release|Any CPU
	EndGlobalSection
	GlobalSection(SolutionProperties) = preSolution
		HideSolutionNode = FALSE
	EndGlobalSection
	GlobalSection(ExtensibilityGlobals) = postSolution
		SolutionGuid = {0EA39D56-C90C-497F-9860-635417599045}
	EndGlobalSection
EndGlobal
